
Microsoft Visual Studio Solution File, Format Version 12.00
# Visual Studio Version 17
VisualStudioVersion = 17.14.36623.8
MinimumVisualStudioVersion = 10.0.40219.1
Project("{FAE04EC0-301F-11D3-BF4B-00C04F79EFBC}") = "GerenciadorLivros", "GerenciadorLivros.csproj", "{3CD902DF-1709-48D8-8F38-1922AB9958C2}"
EndProject
Project("{FAE04EC0-301F-11D3-BF4B-00C04F79EFBC}") = "EFModels", "..\EFModels\EFModels.csproj", "{5D43D122-0074-41AE-99B5-177BBBEB5A4F}"
	ProjectSection(ProjectDependencies) = postProject
		{2710CBBF-520E-451A-82FC-0E0566865CE4} = {2710CBBF-520E-451A-82FC-0E0566865CE4}
		{3CD902DF-1709-48D8-8F38-1922AB9958C2} = {3CD902DF-1709-48D8-8F38-1922AB9958C2}
	EndProjectSection
EndProject
Project("{FAE04EC0-301F-11D3-BF4B-00C04F79EFBC}") = "Models", "..\Models\Models.csproj", "{2710CBBF-520E-451A-82FC-0E0566865CE4}"
EndProject
Project("{FAE04EC0-301F-11D3-BF4B-00C04F79EFBC}") = "Repository", "..\Repository\Repository.csproj", "{9A7C016D-E43E-4D6F-AAD3-DB9E17A664FC}"
EndProject
Project("{FAE04EC0-301F-11D3-BF4B-00C04F79EFBC}") = "Service", "..\Service\Service.csproj", "{60A7B551-C823-451B-92B0-31A8D32028AC}"
EndProject
Global
	GlobalSection(SolutionConfigurationPlatforms) = preSolution
		Debug|Any CPU = Debug|Any CPU
		Release|Any CPU = Release|Any CPU
	EndGlobalSection
	GlobalSection(ProjectConfigurationPlatforms) = postSolution
		{3CD902DF-1709-48D8-8F38-1922AB9958C2}.Debug|Any CPU.ActiveCfg = Debug|Any CPU
		{3CD902DF-1709-48D8-8F38-1922AB9958C2}.Debug|Any CPU.Build.0 = Debug|Any CPU
		{3CD902DF-1709-48D8-8F38-1922AB9958C2}.Release|Any CPU.ActiveCfg = Release|Any CPU
		{3CD902DF-1709-48D8-8F38-1922AB9958C2}.Release|Any CPU.Build.0 = Release|Any CPU
		{5D43D122-0074-41AE-99B5-177BBBEB5A4F}.Debug|Any CPU.ActiveCfg = Debug|Any CPU
		{5D43D122-0074-41AE-99B5-177BBBEB5A4F}.Debug|Any CPU.Build.0 = Debug|Any CPU
		{5D43D122-0074-41AE-99B5-177BBBEB5A4F}.Release|Any CPU.ActiveCfg = Release|Any CPU
		{5D43D122-0074-41AE-99B5-177BBBEB5A4F}.Release|Any CPU.Build.0 = Release|Any CPU
		{2710CBBF-520E-451A-82FC-0E0566865CE4}.Debug|Any CPU.ActiveCfg = Debug|Any CPU
		{2710CBBF-520E-451A-82FC-0E0566865CE4}.Debug|Any CPU.Build.0 = Debug|Any CPU
		{2710CBBF-520E-451A-82FC-0E0566865CE4}.Release|Any CPU.ActiveCfg = Release|Any CPU
		{2710CBBF-520E-451A-82FC-0E0566865CE4}.Release|Any CPU.Build.0 = Release|Any CPU
		{9A7C016D-E43E-4D6F-AAD3-DB9E17A664FC}.Debug|Any CPU.ActiveCfg = Debug|Any CPU
		{9A7C016D-E43E-4D6F-AAD3-DB9E17A664FC}.Debug|Any CPU.Build.0 = Debug|Any CPU
		{9A7C016D-E43E-4D6F-AAD3-DB9E17A664FC}.Release|Any CPU.ActiveCfg = Release|Any CPU
		{9A7C016D-E43E-4D6F-AAD3-DB9E17A664FC}.Release|Any CPU.Build.0 = Release|Any CPU
		{60A7B551-C823-451B-92B0-31A8D32028AC}.Debug|Any CPU.ActiveCfg = Debug|Any CPU
		{60A7B551-C823-451B-92B0-31A8D32028AC}.Debug|Any CPU.Build.0 = Debug|Any CPU
		{60A7B551-C823-451B-92B0-31A8D32028AC}.Release|Any CPU.ActiveCfg = Release|Any CPU
		{60A7B551-C823-451B-92B0-31A8D32028AC}.Release|Any CPU.Build.0 = Release|Any CPU
	EndGlobalSection
	GlobalSection(SolutionProperties) = preSolution
		HideSolutionNode = FALSE
	EndGlobalSection
	GlobalSection(ExtensibilityGlobals) = postSolution
		SolutionGuid = {BE355A9D-4DA1-4005-9A31-B493B8527C08}
	EndGlobalSection
EndGlobal
